
Microsoft Visual Studio Solution File, Format Version 12.00
# Visual Studio Version 17
VisualStudioVersion = 17.5.002.0
MinimumVisualStudioVersion = 10.0.40219.1
Project("{9A19103F-16F7-4668-BE54-9A1E7A4F7556}") = "calculatorConsole", "calculatorConsole.csproj", "{06D7242E-1B6B-4C32-8FC6-AD33D199C1CA}"
EndProject
Global
	GlobalSection(SolutionConfigurationPlatforms) = preSolution
		Debug|Any CPU = Debug|Any CPU
		Release|Any CPU = Release|Any CPU
	EndGlobalSection
	GlobalSection(ProjectConfigurationPlatforms) = postSolution
		{06D7242E-1B6B-4C32-8FC6-AD33D199C1CA}.Debug|Any CPU.ActiveCfg = Debug|Any CPU
		{06D7242E-1B6B-4C32-8FC6-AD33D199C1CA}.Debug|Any CPU.Build.0 = Debug|Any CPU
		{06D7242E-1B6B-4C32-8FC6-AD33D199C1CA}.Release|Any CPU.ActiveCfg = Release|Any CPU
		{06D7242E-1B6B-4C32-8FC6-AD33D199C1CA}.Release|Any CPU.Build.0 = Release|Any CPU
	EndGlobalSection
	GlobalSection(SolutionProperties) = preSolution
		HideSolutionNode = FALSE
	EndGlobalSection
	GlobalSection(ExtensibilityGlobals) = postSolution
		SolutionGuid = {F240954D-CC15-445F-9CF5-48FADF9BFF58}
	EndGlobalSection
EndGlobal
